
Microsoft Visual Studio Solution File, Format Version 10.00
# Visual Studio 2008
Project("{8BC9CEB8-8B4A-11D0-8D11-00A0C91BC942}") = "DMC", "DMC\DMC.vcproj", "{73D297AF-BC95-445A-88BA-15C4BDA30B8E}"
EndProject
Project("{8BC9CEB8-8B4A-11D0-8D11-00A0C91BC942}") = "Console", "Console\Console.vcproj", "{CCC9CA25-62CF-47FC-A4DA-2D1277A19738}"
	ProjectSection(ProjectDependencies) = postProject
		{73D297AF-BC95-445A-88BA-15C4BDA30B8E} = {73D297AF-BC95-445A-88BA-15C4BDA30B8E}
	EndProjectSection
EndProject
Project("{8BC9CEB8-8B4A-11D0-8D11-00A0C91BC942}") = "NEXTW_USBSample_Cplusplus", "NEXTW_USBSample_Cplusplus\NEXTW_USBSample_Cplusplus.vcproj", "{C76DAE02-4C93-4D3B-A7FC-B4D88C2412EA}"
EndProject
Project("{8BC9CEB8-8B4A-11D0-8D11-00A0C91BC942}") = "Window", "Window\Window.vcproj", "{5D598FCF-404D-46E2-9407-99742620DB23}"
	ProjectSection(ProjectDependencies) = postProject
		{73D297AF-BC95-445A-88BA-15C4BDA30B8E} = {73D297AF-BC95-445A-88BA-15C4BDA30B8E}
	EndProjectSection
EndProject
Project("{8BC9CEB8-8B4A-11D0-8D11-00A0C91BC942}") = "archl", "archl\archl.vcproj", "{ABAE6A33-8815-4919-9F9B-48EC8624AB26}"
EndProject
Global
	GlobalSection(SolutionConfigurationPlatforms) = preSolution
		Debug|Win32 = Debug|Win32
		Release|Win32 = Release|Win32
	EndGlobalSection
	GlobalSection(ProjectConfigurationPlatforms) = postSolution
		{73D297AF-BC95-445A-88BA-15C4BDA30B8E}.Debug|Win32.ActiveCfg = Debug|Win32
		{73D297AF-BC95-445A-88BA-15C4BDA30B8E}.Debug|Win32.Build.0 = Debug|Win32
		{73D297AF-BC95-445A-88BA-15C4BDA30B8E}.Release|Win32.ActiveCfg = Release|Win32
		{73D297AF-BC95-445A-88BA-15C4BDA30B8E}.Release|Win32.Build.0 = Release|Win32
		{CCC9CA25-62CF-47FC-A4DA-2D1277A19738}.Debug|Win32.ActiveCfg = Debug|Win32
		{CCC9CA25-62CF-47FC-A4DA-2D1277A19738}.Debug|Win32.Build.0 = Debug|Win32
		{CCC9CA25-62CF-47FC-A4DA-2D1277A19738}.Release|Win32.ActiveCfg = Release|Win32
		{CCC9CA25-62CF-47FC-A4DA-2D1277A19738}.Release|Win32.Build.0 = Release|Win32
		{C76DAE02-4C93-4D3B-A7FC-B4D88C2412EA}.Debug|Win32.ActiveCfg = Debug|Win32
		{C76DAE02-4C93-4D3B-A7FC-B4D88C2412EA}.Debug|Win32.Build.0 = Debug|Win32
		{C76DAE02-4C93-4D3B-A7FC-B4D88C2412EA}.Release|Win32.ActiveCfg = Release|Win32
		{C76DAE02-4C93-4D3B-A7FC-B4D88C2412EA}.Release|Win32.Build.0 = Release|Win32
		{5D598FCF-404D-46E2-9407-99742620DB23}.Debug|Win32.ActiveCfg = Debug|Win32
		{5D598FCF-404D-46E2-9407-99742620DB23}.Debug|Win32.Build.0 = Debug|Win32
		{5D598FCF-404D-46E2-9407-99742620DB23}.Release|Win32.ActiveCfg = Release|Win32
		{5D598FCF-404D-46E2-9407-99742620DB23}.Release|Win32.Build.0 = Release|Win32
		{ABAE6A33-8815-4919-9F9B-48EC8624AB26}.Debug|Win32.ActiveCfg = Debug|Win32
		{ABAE6A33-8815-4919-9F9B-48EC8624AB26}.Debug|Win32.Build.0 = Debug|Win32
		{ABAE6A33-8815-4919-9F9B-48EC8624AB26}.Release|Win32.ActiveCfg = Release|Win32
		{ABAE6A33-8815-4919-9F9B-48EC8624AB26}.Release|Win32.Build.0 = Release|Win32
	EndGlobalSection
	GlobalSection(SolutionProperties) = preSolution
		HideSolutionNode = FALSE
	EndGlobalSection
EndGlobal
